
Microsoft Visual Studio Solution File, Format Version 12.00
# Visual Studio Version 17
VisualStudioVersion = 17.0.31606.5
MinimumVisualStudioVersion = 10.0.40219.1
Project("{9A19103F-16F7-4668-BE54-9A1E7A4F7556}") = "Api", "Api\Api.csproj", "{BB9F642B-5F46-45C7-9CA9-42C4BC2ADEC0}"
EndProject
Project("{FAE04EC0-301F-11D3-BF4B-00C04F79EFBC}") = "Application", "Application\Application.csproj", "{464CDBCC-BEE7-4AFF-9359-28DDB822C594}"
EndProject
Global
	GlobalSection(SolutionConfigurationPlatforms) = preSolution
		Debug|Any CPU = Debug|Any CPU
		Release|Any CPU = Release|Any CPU
	EndGlobalSection
	GlobalSection(ProjectConfigurationPlatforms) = postSolution
		{BB9F642B-5F46-45C7-9CA9-42C4BC2ADEC0}.Debug|Any CPU.ActiveCfg = Debug|Any CPU
		{BB9F642B-5F46-45C7-9CA9-42C4BC2ADEC0}.Debug|Any CPU.Build.0 = Debug|Any CPU
		{BB9F642B-5F46-45C7-9CA9-42C4BC2ADEC0}.Release|Any CPU.ActiveCfg = Release|Any CPU
		{BB9F642B-5F46-45C7-9CA9-42C4BC2ADEC0}.Release|Any CPU.Build.0 = Release|Any CPU
		{464CDBCC-BEE7-4AFF-9359-28DDB822C594}.Debug|Any CPU.ActiveCfg = Debug|Any CPU
		{464CDBCC-BEE7-4AFF-9359-28DDB822C594}.Debug|Any CPU.Build.0 = Debug|Any CPU
		{464CDBCC-BEE7-4AFF-9359-28DDB822C594}.Release|Any CPU.ActiveCfg = Release|Any CPU
		{464CDBCC-BEE7-4AFF-9359-28DDB822C594}.Release|Any CPU.Build.0 = Release|Any CPU
	EndGlobalSection
	GlobalSection(SolutionProperties) = preSolution
		HideSolutionNode = FALSE
	EndGlobalSection
	GlobalSection(ExtensibilityGlobals) = postSolution
		SolutionGuid = {D5FC0707-B6B4-4AA5-959A-D4C7492ECEA7}
	EndGlobalSection
EndGlobal
